{
    "_meta": {
        "hash": {
            "sha256": "5b3bf5b725af3e48d4b0b77b931a01438e584b1930561bad0087531c32786c2d"
        },
        "pipfile-spec": 6,
        "requires": {
            "python_version": "3.7"
        },
        "sources": [
            {
                "name": "pypi",
                "url": "https://pypi.org/simple",
                "verify_ssl": true
            }
        ]
    },
    "default": {
        "attrs": {
            "hashes": [
                "sha256:08a96c641c3a74e44eb59afb61a24f2cb9f4d7188748e76ba4bb5edfa3cb7d1c",
                "sha256:f7b7ce16570fe9965acd6d30101a28f62fb4a7f9e926b3bbc9b61f8b04247e72"
            ],
            "version": "==19.3.0"
        },
        "backpack": {
            "hashes": [
                "sha256:0162cf7b34c810ba4ddbbd32a1e5e804ef96fcf2fea5ce2848aa4950770d3893"
            ],
            "version": "==0.1"
        },
        "blinker": {
            "hashes": [
                "sha256:471aee25f3992bd325afa3772f1063dbdbbca947a041b8b89466dc00d606f8b6"
            ],
            "version": "==1.4"
        },
        "cleo": {
            "hashes": [
                "sha256:85a63076b72ca376fb06668be1fc7758dc16740b394783d5cc65200c4b32f71b",
                "sha256:9b7f79f1aa470a025c0d28c76aa225ee9e65028d32f80032e871aa3500df61b8"
            ],
            "version": "==0.6.8"
        },
        "coverage": {
            "hashes": [
                "sha256:00f1d23f4336efc3b311ed0d807feb45098fc86dee1ca13b3d6768cdab187c8a",
                "sha256:01333e1bd22c59713ba8a79f088b3955946e293114479bbfc2e37d522be03355",
                "sha256:0cb4be7e784dcdc050fc58ef05b71aa8e89b7e6636b99967fadbdba694cf2b65",
                "sha256:0e61d9803d5851849c24f78227939c701ced6704f337cad0a91e0972c51c1ee7",
                "sha256:1601e480b9b99697a570cea7ef749e88123c04b92d84cedaa01e117436b4a0a9",
                "sha256:2742c7515b9eb368718cd091bad1a1b44135cc72468c731302b3d641895b83d1",
                "sha256:2d27a3f742c98e5c6b461ee6ef7287400a1956c11421eb574d843d9ec1f772f0",
                "sha256:402e1744733df483b93abbf209283898e9f0d67470707e3c7516d84f48524f55",
                "sha256:5c542d1e62eece33c306d66fe0a5c4f7f7b3c08fecc46ead86d7916684b36d6c",
                "sha256:5f2294dbf7875b991c381e3d5af2bcc3494d836affa52b809c91697449d0eda6",
                "sha256:6402bd2fdedabbdb63a316308142597534ea8e1895f4e7d8bf7476c5e8751fef",
                "sha256:66460ab1599d3cf894bb6baee8c684788819b71a5dc1e8fa2ecc152e5d752019",
                "sha256:782caea581a6e9ff75eccda79287daefd1d2631cc09d642b6ee2d6da21fc0a4e",
                "sha256:79a3cfd6346ce6c13145731d39db47b7a7b859c0272f02cdb89a3bdcbae233a0",
                "sha256:7a5bdad4edec57b5fb8dae7d3ee58622d626fd3a0be0dfceda162a7035885ecf",
                "sha256:8fa0cbc7ecad630e5b0f4f35b0f6ad419246b02bc750de7ac66db92667996d24",
                "sha256:a027ef0492ede1e03a8054e3c37b8def89a1e3c471482e9f046906ba4f2aafd2",
                "sha256:a3f3654d5734a3ece152636aad89f58afc9213c6520062db3978239db122f03c",
                "sha256:a82b92b04a23d3c8a581fc049228bafde988abacba397d57ce95fe95e0338ab4",
                "sha256:acf3763ed01af8410fc36afea23707d4ea58ba7e86a8ee915dfb9ceff9ef69d0",
                "sha256:adeb4c5b608574a3d647011af36f7586811a2c1197c861aedb548dd2453b41cd",
                "sha256:b83835506dfc185a319031cf853fa4bb1b3974b1f913f5bb1a0f3d98bdcded04",
                "sha256:bb28a7245de68bf29f6fb199545d072d1036a1917dca17a1e75bbb919e14ee8e",
                "sha256:bf9cb9a9fd8891e7efd2d44deb24b86d647394b9705b744ff6f8261e6f29a730",
                "sha256:c317eaf5ff46a34305b202e73404f55f7389ef834b8dbf4da09b9b9b37f76dd2",
                "sha256:dbe8c6ae7534b5b024296464f387d57c13caa942f6d8e6e0346f27e509f0f768",
                "sha256:de807ae933cfb7f0c7d9d981a053772452217df2bf38e7e6267c9cbf9545a796",
                "sha256:dead2ddede4c7ba6cb3a721870f5141c97dc7d85a079edb4bd8d88c3ad5b20c7",
                "sha256:dec5202bfe6f672d4511086e125db035a52b00f1648d6407cc8e526912c0353a",
                "sha256:e1ea316102ea1e1770724db01998d1603ed921c54a86a2efcb03428d5417e489",
                "sha256:f90bfc4ad18450c80b024036eaf91e4a246ae287701aaa88eaebebf150868052"
            ],
            "version": "==5.1"
        },
        "faker": {
            "hashes": [
                "sha256:0184fa252f86214308bb6bed344f96294f2e3528fbffafc727890cf2a86d6027",
                "sha256:12e950f6f361c3b959ddf5e99d42cc9f5d89d3082688828d978b11c6029294d0"
            ],
            "version": "==0.8.18"
        },
        "importlib-metadata": {
            "hashes": [
                "sha256:2a688cbaa90e0cc587f1df48bdc97a6eadccdcd9c35fb3f976a09e3b5016d90f",
                "sha256:34513a8a0c4962bc66d35b359558fd8a5e10cd472d37aec5f66858addef32c1e"
            ],
            "markers": "python_version < '3.8'",
            "version": "==1.6.0"
        },
        "inflection": {
            "hashes": [
                "sha256:18ea7fb7a7d152853386523def08736aa8c32636b047ade55f7578c4edeb16ca"
            ],
            "version": "==0.3.1"
        },
        "lazy-object-proxy": {
            "hashes": [
                "sha256:0c4b206227a8097f05c4dbdd323c50edf81f15db3b8dc064d08c62d37e1a504d",
                "sha256:194d092e6f246b906e8f70884e620e459fc54db3259e60cf69a4d66c3fda3449",
                "sha256:1be7e4c9f96948003609aa6c974ae59830a6baecc5376c25c92d7d697e684c08",
                "sha256:4677f594e474c91da97f489fea5b7daa17b5517190899cf213697e48d3902f5a",
                "sha256:48dab84ebd4831077b150572aec802f303117c8cc5c871e182447281ebf3ac50",
                "sha256:5541cada25cd173702dbd99f8e22434105456314462326f06dba3e180f203dfd",
                "sha256:59f79fef100b09564bc2df42ea2d8d21a64fdcda64979c0fa3db7bdaabaf6239",
                "sha256:8d859b89baf8ef7f8bc6b00aa20316483d67f0b1cbf422f5b4dc56701c8f2ffb",
                "sha256:9254f4358b9b541e3441b007a0ea0764b9d056afdeafc1a5569eee1cc6c1b9ea",
                "sha256:9651375199045a358eb6741df3e02a651e0330be090b3bc79f6d0de31a80ec3e",
                "sha256:97bb5884f6f1cdce0099f86b907aa41c970c3c672ac8b9c8352789e103cf3156",
                "sha256:9b15f3f4c0f35727d3a0fba4b770b3c4ebbb1fa907dbcc046a1d2799f3edd142",
                "sha256:a2238e9d1bb71a56cd710611a1614d1194dc10a175c1e08d75e1a7bcc250d442",
                "sha256:a6ae12d08c0bf9909ce12385803a543bfe99b95fe01e752536a60af2b7797c62",
                "sha256:ca0a928a3ddbc5725be2dd1cf895ec0a254798915fb3a36af0964a0a4149e3db",
                "sha256:cb2c7c57005a6804ab66f106ceb8482da55f5314b7fcb06551db1edae4ad1531",
                "sha256:d74bb8693bf9cf75ac3b47a54d716bbb1a92648d5f781fc799347cfc95952383",
                "sha256:d945239a5639b3ff35b70a88c5f2f491913eb94871780ebfabb2568bd58afc5a",
                "sha256:eba7011090323c1dadf18b3b689845fd96a61ba0a1dfbd7f24b921398affc357",
                "sha256:efa1909120ce98bbb3777e8b6f92237f5d5c8ea6758efea36a473e1d38f7d3e4",
                "sha256:f3900e8a5de27447acbf900b4750b0ddfd7ec1ea7fbaf11dfa911141bc522af0"
            ],
            "version": "==1.4.3"
        },
        "more-itertools": {
            "hashes": [
                "sha256:558bb897a2232f5e4f8e2399089e35aecb746e1f9191b6584a151647e89267be",
                "sha256:7818f596b1e87be009031c7653d01acc46ed422e6656b394b0f765ce66ed4982"
            ],
            "version": "==8.3.0"
        },
        "orator": {
            "hashes": [
                "sha256:6fe7830c40f20e77929b80b741a3b9f2145634b5f411176ecad0e761fef26f55",
                "sha256:d9ab5bcc8a630ec449d856a4b4cf7dead9f68b1835dd04d62e7f115b96c3360f"
            ],
            "index": "pypi",
            "version": "==0.9.9"
        },
        "packaging": {
            "hashes": [
                "sha256:3c292b474fda1671ec57d46d739d072bfd495a4f51ad01a055121d81e952b7a3",
                "sha256:82f77b9bee21c1bafbf35a84905d604d5d1223801d639cf3ed140bd651c08752"
            ],
            "version": "==20.3"
        },
        "pastel": {
            "hashes": [
                "sha256:a904e1659512cc9880a028f66de77cc813a4c32f7ceb68725cbc8afad57ef7ef",
                "sha256:bf3b1901b2442ea0d8ab9a390594e5b0c9584709d543a3113506fe8b28cbace3"
            ],
            "version": "==0.1.1"
        },
        "pendulum": {
            "hashes": [
                "sha256:4173ce3e81ad0d9d61dbce86f4286c43a26a398270df6a0a89f501f0c28ad27d",
                "sha256:56a347d0457859c84b8cdba161fc37c7df5db9b3becec7881cd770e9d2058b3c",
                "sha256:738878168eb26e5446da5d1f7b3312ae993a542061be8882099c00ef4866b1a2",
                "sha256:95536b33ae152e3c831eb236c1bf9ac9dcfb3b5b98fdbe8e9e601eab6c373897",
                "sha256:c04fcf955e622e97e405e5f6d1b1f4a7adc69d79d82f3609643de69283170d6d",
                "sha256:dd6500d27bb7ccc029d497da4f9bd09549bd3c0ea276dad894ea2fdf309e83f3",
                "sha256:ddaf97a061eb5e2ae37857a8cb548e074125017855690d20e443ad8d9f31e164",
                "sha256:e7df37447824f9af0b58c7915a4caf349926036afd86ad38e7529a6b2f8fc34b",
                "sha256:e9732b8bb214fad2c72ddcbfec07542effa8a8b704e174347ede1ff8dc679cce",
                "sha256:f4eee1e1735487d9d25cc435c519fd4380cb1f82cde3ebad1efbc2fc30deca5b"
            ],
            "version": "==1.5.1"
        },
        "pluggy": {
            "hashes": [
                "sha256:15b2acde666561e1298d71b523007ed7364de07029219b604cf808bfa1c765b0",
                "sha256:966c145cd83c96502c3c3868f50408687b38434af77734af1e9ca461a4081d2d"
            ],
            "version": "==0.13.1"
        },
        "py": {
            "hashes": [
                "sha256:5e27081401262157467ad6e7f851b7aa402c5852dbcb3dae06768434de5752aa",
                "sha256:c20fdd83a5dbc0af9efd622bee9a5564e278f6380fffcacc43ba6f43db2813b0"
            ],
            "version": "==1.8.1"
        },
        "pyaml": {
            "hashes": [
                "sha256:8b70b7cc2afa55dd89d2a31ef8abe4cfb3daa100cd63564f8fd97e6cac6cff5b",
                "sha256:b865e4f53a85f4d8a092e7701f759a3237fb3ee8a928627401914aafadc00907"
            ],
            "version": "==16.12.2"
        },
        "pygments": {
            "hashes": [
                "sha256:647344a061c249a3b74e230c739f434d7ea4d8b1d5f3721bc0f3558049b38f44",
                "sha256:ff7a40b4860b727ab48fad6360eb351cc1b33cbf9b15a0f689ca5353e9463324"
            ],
            "version": "==2.6.1"
        },
        "pylev": {
            "hashes": [
                "sha256:063910098161199b81e453025653ec53556c1be7165a9b7c50be2f4d57eae1c3",
                "sha256:1d29a87beb45ebe1e821e7a3b10da2b6b2f4c79b43f482c2df1a1f748a6e114e"
            ],
            "version": "==1.3.0"
        },
        "pyparsing": {
            "hashes": [
                "sha256:c203ec8783bf771a155b207279b9bccb8dea02d8f0c9e5f8ead507bc3246ecc1",
                "sha256:ef9d7589ef3c200abe66653d3f1ab1033c3c419ae9b9bdb1240a85b024efc88b"
            ],
            "version": "==2.4.7"
        },
        "pytest": {
            "hashes": [
                "sha256:95c710d0a72d91c13fae35dce195633c929c3792f54125919847fdcdf7caa0d3",
                "sha256:eb2b5e935f6a019317e455b6da83dd8650ac9ffd2ee73a7b657a30873d67a698"
            ],
            "version": "==5.4.2"
        },
        "pytest-cov": {
            "hashes": [
                "sha256:cc6742d8bac45070217169f5f72ceee1e0e55b0221f54bcf24845972d3a47f2b",
                "sha256:cdbdef4f870408ebdbfeb44e63e07eb18bb4619fae852f6e760645fa36172626"
            ],
            "index": "pypi",
            "version": "==2.8.1"
        },
        "python-dateutil": {
            "hashes": [
                "sha256:73ebfe9dbf22e832286dafa60473e4cd239f8592f699aa5adaf10050e6e1823c",
                "sha256:75bb3f31ea686f1197762692a9ee6a7550b59fc6ca3a1f4b5d7e32fb98e2da2a"
            ],
            "version": "==2.8.1"
        },
        "pytz": {
            "hashes": [
                "sha256:a494d53b6d39c3c6e44c3bec237336e14305e4f29bbf800b599253057fbb79ed",
                "sha256:c35965d010ce31b23eeb663ed3cc8c906275d6be1a34393a1d73a41febf4a048"
            ],
            "version": "==2020.1"
        },
        "pytzdata": {
            "hashes": [
                "sha256:84c52b9a47d097fcd483f047a544979de6c3a86e94c845e3569e9f8acd0fa071",
                "sha256:fac06f7cdfa903188dc4848c655e4adaee67ee0f2fe08e7daf815cf2a761ee5e"
            ],
            "version": "==2019.3"
        },
        "pyyaml": {
            "hashes": [
                "sha256:06a0d7ba600ce0b2d2fe2e78453a470b5a6e000a985dd4a4e54e436cc36b0e97",
                "sha256:240097ff019d7c70a4922b6869d8a86407758333f02203e0fc6ff79c5dcede76",
                "sha256:4f4b913ca1a7319b33cfb1369e91e50354d6f07a135f3b901aca02aa95940bd2",
                "sha256:69f00dca373f240f842b2931fb2c7e14ddbacd1397d57157a9b005a6a9942648",
                "sha256:73f099454b799e05e5ab51423c7bcf361c58d3206fa7b0d555426b1f4d9a3eaf",
                "sha256:74809a57b329d6cc0fdccee6318f44b9b8649961fa73144a98735b0aaf029f1f",
                "sha256:7739fc0fa8205b3ee8808aea45e968bc90082c10aef6ea95e855e10abf4a37b2",
                "sha256:95f71d2af0ff4227885f7a6605c37fd53d3a106fcab511b8860ecca9fcf400ee",
                "sha256:b8eac752c5e14d3eca0e6dd9199cd627518cb5ec06add0de9d32baeee6fe645d",
                "sha256:cc8955cfbfc7a115fa81d85284ee61147059a753344bc51098f3ccd69b0d7e0c",
                "sha256:d13155f591e6fcc1ec3b30685d50bf0711574e2c0dfffd7644babf8b5102ca1a"
            ],
            "version": "==5.3.1"
        },
        "simplejson": {
            "hashes": [
                "sha256:0fe3994207485efb63d8f10a833ff31236ed27e3b23dadd0bf51c9900313f8f2",
                "sha256:17163e643dbf125bb552de17c826b0161c68c970335d270e174363d19e7ea882",
                "sha256:1d1e929cdd15151f3c0b2efe953b3281b2fd5ad5f234f77aca725f28486466f6",
                "sha256:1ea59f570b9d4916ae5540a9181f9c978e16863383738b69a70363bc5e63c4cb",
                "sha256:22a7acb81968a7c64eba7526af2cf566e7e2ded1cb5c83f0906b17ff1540f866",
                "sha256:2b4b2b738b3b99819a17feaf118265d0753d5536049ea570b3c43b51c4701e81",
                "sha256:4cf91aab51b02b3327c9d51897960c554f00891f9b31abd8a2f50fd4a0071ce8",
                "sha256:7cce4bac7e0d66f3a080b80212c2238e063211fe327f98d764c6acbc214497fc",
                "sha256:8027bd5f1e633eb61b8239994e6fc3aba0346e76294beac22a892eb8faa92ba1",
                "sha256:86afc5b5cbd42d706efd33f280fec7bd7e2772ef54e3f34cf6b30777cd19a614",
                "sha256:87d349517b572964350cc1adc5a31b493bbcee284505e81637d0174b2758ba17",
                "sha256:926bcbef9eb60e798eabda9cd0bbcb0fca70d2779aa0aa56845749d973eb7ad5",
                "sha256:9a126c3a91df5b1403e965ba63b304a50b53d8efc908a8c71545ed72535374a3",
                "sha256:daaf4d11db982791be74b23ff4729af2c7da79316de0bebf880fa2d60bcc8c5a",
                "sha256:fc046afda0ed8f5295212068266c92991ab1f4a50c6a7144b69364bdee4a0159",
                "sha256:fc9051d249dd5512e541f20330a74592f7a65b2d62e18122ca89bf71f94db748"
            ],
            "version": "==3.17.0"
        },
        "six": {
            "hashes": [
                "sha256:236bdbdce46e6e6a3d61a337c0f8b763ca1e8717c03b369e87a7ec7ce1319c0a",
                "sha256:8f3cd2e254d8f793e7f3d6d9df77b92252b52637291d0f0da013c76ea2724b6c"
            ],
            "version": "==1.14.0"
        },
        "text-unidecode": {
            "hashes": [
                "sha256:5a1375bb2ba7968740508ae38d92e1f889a0832913cb1c447d5e2046061a396d",
                "sha256:801e38bd550b943563660a91de8d4b6fa5df60a542be9093f7abf819f86050cc"
            ],
            "version": "==1.2"
        },
        "tzlocal": {
            "hashes": [
                "sha256:4ebeb848845ac898da6519b9b31879cf13b6626f7184c496037b818e238f2c4e"
            ],
            "version": "==1.5.1"
        },
        "wcwidth": {
            "hashes": [
                "sha256:cafe2186b3c009a04067022ce1dcd79cb38d8d65ee4f4791b8888d6599d1bbe1",
                "sha256:ee73862862a156bf77ff92b09034fc4825dd3af9cf81bc5b360668d425f3c5f1"
            ],
            "version": "==0.1.9"
        },
        "wrapt": {
            "hashes": [
                "sha256:b62ffa81fb85f4332a4f609cab4ac40709470da05643a082ec1eb88e6d9b97d7"
            ],
            "version": "==1.12.1"
        },
        "zipp": {
            "hashes": [
                "sha256:aa36550ff0c0b7ef7fa639055d797116ee891440eac1a56f378e2d3179e0320b",
                "sha256:c599e4d75c98f6798c509911d08a22e6c021d074469042177c8c86fb92eefd96"
            ],
            "version": "==3.1.0"
        }
    },
    "develop": {
        "attrs": {
            "hashes": [
                "sha256:08a96c641c3a74e44eb59afb61a24f2cb9f4d7188748e76ba4bb5edfa3cb7d1c",
                "sha256:f7b7ce16570fe9965acd6d30101a28f62fb4a7f9e926b3bbc9b61f8b04247e72"
            ],
            "version": "==19.3.0"
        },
        "freezegun": {
            "hashes": [
                "sha256:82c757a05b7c7ca3e176bfebd7d6779fd9139c7cb4ef969c38a28d74deef89b2",
                "sha256:e2062f2c7f95cc276a834c22f1a17179467176b624cc6f936e8bc3be5535ad1b"
            ],
            "index": "pypi",
            "version": "==0.3.15"
        },
        "importlib-metadata": {
            "hashes": [
                "sha256:2a688cbaa90e0cc587f1df48bdc97a6eadccdcd9c35fb3f976a09e3b5016d90f",
                "sha256:34513a8a0c4962bc66d35b359558fd8a5e10cd472d37aec5f66858addef32c1e"
            ],
            "markers": "python_version < '3.8'",
            "version": "==1.6.0"
        },
        "more-itertools": {
            "hashes": [
                "sha256:558bb897a2232f5e4f8e2399089e35aecb746e1f9191b6584a151647e89267be",
                "sha256:7818f596b1e87be009031c7653d01acc46ed422e6656b394b0f765ce66ed4982"
            ],
            "version": "==8.3.0"
        },
        "packaging": {
            "hashes": [
                "sha256:3c292b474fda1671ec57d46d739d072bfd495a4f51ad01a055121d81e952b7a3",
                "sha256:82f77b9bee21c1bafbf35a84905d604d5d1223801d639cf3ed140bd651c08752"
            ],
            "version": "==20.3"
        },
        "pluggy": {
            "hashes": [
                "sha256:15b2acde666561e1298d71b523007ed7364de07029219b604cf808bfa1c765b0",
                "sha256:966c145cd83c96502c3c3868f50408687b38434af77734af1e9ca461a4081d2d"
            ],
            "version": "==0.13.1"
        },
        "py": {
            "hashes": [
                "sha256:5e27081401262157467ad6e7f851b7aa402c5852dbcb3dae06768434de5752aa",
                "sha256:c20fdd83a5dbc0af9efd622bee9a5564e278f6380fffcacc43ba6f43db2813b0"
            ],
            "version": "==1.8.1"
        },
        "pyparsing": {
            "hashes": [
                "sha256:c203ec8783bf771a155b207279b9bccb8dea02d8f0c9e5f8ead507bc3246ecc1",
                "sha256:ef9d7589ef3c200abe66653d3f1ab1033c3c419ae9b9bdb1240a85b024efc88b"
            ],
            "version": "==2.4.7"
        },
        "pytest": {
            "hashes": [
                "sha256:95c710d0a72d91c13fae35dce195633c929c3792f54125919847fdcdf7caa0d3",
                "sha256:eb2b5e935f6a019317e455b6da83dd8650ac9ffd2ee73a7b657a30873d67a698"
            ],
            "version": "==5.4.2"
        },
        "python-dateutil": {
            "hashes": [
                "sha256:73ebfe9dbf22e832286dafa60473e4cd239f8592f699aa5adaf10050e6e1823c",
                "sha256:75bb3f31ea686f1197762692a9ee6a7550b59fc6ca3a1f4b5d7e32fb98e2da2a"
            ],
            "version": "==2.8.1"
        },
        "six": {
            "hashes": [
                "sha256:236bdbdce46e6e6a3d61a337c0f8b763ca1e8717c03b369e87a7ec7ce1319c0a",
                "sha256:8f3cd2e254d8f793e7f3d6d9df77b92252b52637291d0f0da013c76ea2724b6c"
            ],
            "version": "==1.14.0"
        },
        "wcwidth": {
            "hashes": [
                "sha256:cafe2186b3c009a04067022ce1dcd79cb38d8d65ee4f4791b8888d6599d1bbe1",
                "sha256:ee73862862a156bf77ff92b09034fc4825dd3af9cf81bc5b360668d425f3c5f1"
            ],
            "version": "==0.1.9"
        },
        "zipp": {
            "hashes": [
                "sha256:aa36550ff0c0b7ef7fa639055d797116ee891440eac1a56f378e2d3179e0320b",
                "sha256:c599e4d75c98f6798c509911d08a22e6c021d074469042177c8c86fb92eefd96"
            ],
            "version": "==3.1.0"
        }
    }
}
